
Microsoft Visual Studio Solution File, Format Version 12.00
# Visual Studio 15
VisualStudioVersion = 15.0.28010.2003
MinimumVisualStudioVersion = 10.0.40219.1
Project("{FAE04EC0-301F-11D3-BF4B-00C04F79EFBC}") = "TimedOneTimePasswords", "TimedOneTimePasswords\TimedOneTimePasswords.csproj", "{C554D2AB-DBBE-458E-9EA5-093D087A644A}"
EndProject
Global
	GlobalSection(SolutionConfigurationPlatforms) = preSolution
		Debug|Any CPU = Debug|Any CPU
		Release|Any CPU = Release|Any CPU
	EndGlobalSection
	GlobalSection(ProjectConfigurationPlatforms) = postSolution
		{C554D2AB-DBBE-458E-9EA5-093D087A644A}.Debug|Any CPU.ActiveCfg = Debug|Any CPU
		{C554D2AB-DBBE-458E-9EA5-093D087A644A}.Debug|Any CPU.Build.0 = Debug|Any CPU
		{C554D2AB-DBBE-458E-9EA5-093D087A644A}.Release|Any CPU.ActiveCfg = Release|Any CPU
		{C554D2AB-DBBE-458E-9EA5-093D087A644A}.Release|Any CPU.Build.0 = Release|Any CPU
	EndGlobalSection
	GlobalSection(SolutionProperties) = preSolution
		HideSolutionNode = FALSE
	EndGlobalSection
	GlobalSection(ExtensibilityGlobals) = postSolution
		SolutionGuid = {CBFEC646-F8DB-40ED-BF4B-207E0A19E6DA}
	EndGlobalSection
EndGlobal
